// !$*UTF8*$!
{
	archiveVersion = 1;
	classes = {
	};
	objectVersion = 46;
	objects = {

/* Begin PBXBuildFile section */
		C5B32CCE1C4C93D9006BA522 /* main.m in Sources */ = {isa = PBXBuildFile; fileRef = C5B32CCD1C4C93D9006BA522 /* main.m */; };
		C5B32CD11C4C93D9006BA522 /* AppDelegate.m in Sources */ = {isa = PBXBuildFile; fileRef = C5B32CD01C4C93D9006BA522 /* AppDelegate.m */; };
		C5B32CD41C4C93D9006BA522 /* ViewController.m in Sources */ = {isa = PBXBuildFile; fileRef = C5B32CD31C4C93D9006BA522 /* ViewController.m */; };
		C5B32CD71C4C93D9006BA522 /* Main.storyboard in Resources */ = {isa = PBXBuildFile; fileRef = C5B32CD51C4C93D9006BA522 /* Main.storyboard */; };
		C5B32CD91C4C93D9006BA522 /* Assets.xcassets in Resources */ = {isa = PBXBuildFile; fileRef = C5B32CD81C4C93D9006BA522 /* Assets.xcassets */; };
		C5B32CDC1C4C93D9006BA522 /* LaunchScreen.storyboard in Resources */ = {isa = PBXBuildFile; fileRef = C5B32CDA1C4C93D9006BA522 /* LaunchScreen.storyboard */; };
		C5B32CE91C4CC2EA006BA522 /* CryptoCommon.m in Sources */ = {isa = PBXBuildFile; fileRef = C5B32CE81C4CC2EA006BA522 /* CryptoCommon.m */; };
		C5B32CEC1C4CC3EA006BA522 /* NSData+Extension.m in Sources */ = {isa = PBXBuildFile; fileRef = C5B32CEB1C4CC3EA006BA522 /* NSData+Extension.m */; };
		C5B32CF41C4CD123006BA522 /* message.txt in Resources */ = {isa = PBXBuildFile; fileRef = C5B32CF31C4CD123006BA522 /* message.txt */; };
/* End PBXBuildFile section */

/* Begin PBXFileReference section */
		C5B32CC91C4C93D9006BA522 /* AESOperation.app */ = {isa = PBXFileReference; explicitFileType = wrapper.application; includeInIndex = 0; path = AESOperation.app; sourceTree = BUILT_PRODUCTS_DIR; };
		C5B32CCD1C4C93D9006BA522 /* main.m */ = {isa = PBXFileReference; lastKnownFileType = sourcecode.c.objc; path = main.m; sourceTree = "<group>"; };
		C5B32CCF1C4C93D9006BA522 /* AppDelegate.h */ = {isa = PBXFileReference; lastKnownFileType = sourcecode.c.h; path = AppDelegate.h; sourceTree = "<group>"; };
		C5B32CD01C4C93D9006BA522 /* AppDelegate.m */ = {isa = PBXFileReference; lastKnownFileType = sourcecode.c.objc; path = AppDelegate.m; sourceTree = "<group>"; };
		C5B32CD21C4C93D9006BA522 /* ViewController.h */ = {isa = PBXFileReference; lastKnownFileType = sourcecode.c.h; path = ViewController.h; sourceTree = "<group>"; };
		C5B32CD31C4C93D9006BA522 /* ViewController.m */ = {isa = PBXFileReference; lastKnownFileType = sourcecode.c.objc; path = ViewController.m; sourceTree = "<group>"; };
		C5B32CD61C4C93D9006BA522 /* Base */ = {isa = PBXFileReference; lastKnownFileType = file.storyboard; name = Base; path = Base.lproj/Main.storyboard; sourceTree = "<group>"; };
		C5B32CD81C4C93D9006BA522 /* Assets.xcassets */ = {isa = PBXFileReference; lastKnownFileType = folder.assetcatalog; path = Assets.xcassets; sourceTree = "<group>"; };
		C5B32CDB1C4C93D9006BA522 /* Base */ = {isa = PBXFileReference; lastKnownFileType = file.storyboard; name = Base; path = Base.lproj/LaunchScreen.storyboard; sourceTree = "<group>"; };
		C5B32CDD1C4C93D9006BA522 /* Info.plist */ = {isa = PBXFileReference; lastKnownFileType = text.plist.xml; path = Info.plist; sourceTree = "<group>"; };
		C5B32CE71C4CC2EA006BA522 /* CryptoCommon.h */ = {isa = PBXFileReference; fileEncoding = 4; lastKnownFileType = sourcecode.c.h; path = CryptoCommon.h; sourceTree = "<group>"; };
		C5B32CE81C4CC2EA006BA522 /* CryptoCommon.m */ = {isa = PBXFileReference; fileEncoding = 4; lastKnownFileType = sourcecode.c.objc; path = CryptoCommon.m; sourceTree = "<group>"; };
		C5B32CEA1C4CC3EA006BA522 /* NSData+Extension.h */ = {isa = PBXFileReference; fileEncoding = 4; lastKnownFileType = sourcecode.c.h; path = "NSData+Extension.h"; sourceTree = "<group>"; };
		C5B32CEB1C4CC3EA006BA522 /* NSData+Extension.m */ = {isa = PBXFileReference; fileEncoding = 4; lastKnownFileType = sourcecode.c.objc; path = "NSData+Extension.m"; sourceTree = "<group>"; };
		C5B32CF31C4CD123006BA522 /* message.txt */ = {isa = PBXFileReference; fileEncoding = 4; lastKnownFileType = text; path = message.txt; sourceTree = "<group>"; };
/* End PBXFileReference section */

/* Begin PBXFrameworksBuildPhase section */
		C5B32CC61C4C93D9006BA522 /* Frameworks */ = {
			isa = PBXFrameworksBuildPhase;
			buildActionMask = 2147483647;
			files = (
			);
			runOnlyForDeploymentPostprocessing = 0;
		};
/* End PBXFrameworksBuildPhase section */

/* Begin PBXGroup section */
		C5B32CC01C4C93D9006BA522 = {
			isa = PBXGroup;
			children = (
				C5B32CCB1C4C93D9006BA522 /* AESOperation */,
				C5B32CCA1C4C93D9006BA522 /* Products */,
			);
			sourceTree = "<group>";
		};
		C5B32CCA1C4C93D9006BA522 /* Products */ = {
			isa = PBXGroup;
			children = (
				C5B32CC91C4C93D9006BA522 /* AESOperation.app */,
			);
			name = Products;
			sourceTree = "<group>";
		};
		C5B32CCB1C4C93D9006BA522 /* AESOperation */ = {
			isa = PBXGroup;
			children = (
				C5B32CF31C4CD123006BA522 /* message.txt */,
				C5B32CCF1C4C93D9006BA522 /* AppDelegate.h */,
				C5B32CD01C4C93D9006BA522 /* AppDelegate.m */,
				C5B32CD21C4C93D9006BA522 /* ViewController.h */,
				C5B32CD31C4C93D9006BA522 /* ViewController.m */,
				C5B32CE71C4CC2EA006BA522 /* CryptoCommon.h */,
				C5B32CE81C4CC2EA006BA522 /* CryptoCommon.m */,
				C5B32CEA1C4CC3EA006BA522 /* NSData+Extension.h */,
				C5B32CEB1C4CC3EA006BA522 /* NSData+Extension.m */,
				C5B32CD51C4C93D9006BA522 /* Main.storyboard */,
				C5B32CD81C4C93D9006BA522 /* Assets.xcassets */,
				C5B32CDA1C4C93D9006BA522 /* LaunchScreen.storyboard */,
				C5B32CDD1C4C93D9006BA522 /* Info.plist */,
				C5B32CCC1C4C93D9006BA522 /* Supporting Files */,
			);
			path = AESOperation;
			sourceTree = "<group>";
		};
		C5B32CCC1C4C93D9006BA522 /* Supporting Files */ = {
			isa = PBXGroup;
			children = (
				C5B32CCD1C4C93D9006BA522 /* main.m */,
			);
			name = "Supporting Files";
			sourceTree = "<group>";
		};
/* End PBXGroup section */

/* Begin PBXNativeTarget section */
		C5B32CC81C4C93D9006BA522 /* AESOperation */ = {
			isa = PBXNativeTarget;
			buildConfigurationList = C5B32CE01C4C93D9006BA522 /* Build configuration list for PBXNativeTarget "AESOperation" */;
			buildPhases = (
				C5B32CC51C4C93D9006BA522 /* Sources */,
				C5B32CC61C4C93D9006BA522 /* Frameworks */,
				C5B32CC71C4C93D9006BA522 /* Resources */,
			);
			buildRules = (
			);
			dependencies = (
			);
			name = AESOperation;
			productName = AESOperation;
			productReference = C5B32CC91C4C93D9006BA522 /* AESOperation.app */;
			productType = "com.apple.product-type.application";
		};
/* End PBXNativeTarget section */

/* Begin PBXProject section */
		C5B32CC11C4C93D9006BA522 /* Project object */ = {
			isa = PBXProject;
			attributes = {
				LastUpgradeCheck = 0720;
				ORGANIZATIONNAME = shiying;
				TargetAttributes = {
					C5B32CC81C4C93D9006BA522 = {
						CreatedOnToolsVersion = 7.2;
					};
				};
			};
			buildConfigurationList = C5B32CC41C4C93D9006BA522 /* Build configuration list for PBXProject "AESOperation" */;
			compatibilityVersion = "Xcode 3.2";
			developmentRegion = English;
			hasScannedForEncodings = 0;
			knownRegions = (
				en,
				Base,
			);
			mainGroup = C5B32CC01C4C93D9006BA522;
			productRefGroup = C5B32CCA1C4C93D9006BA522 /* Products */;
			projectDirPath = "";
			projectRoot = "";
			targets = (
				C5B32CC81C4C93D9006BA522 /* AESOperation */,
			);
		};
/* End PBXProject section */

/* Begin PBXResourcesBuildPhase section */
		C5B32CC71C4C93D9006BA522 /* Resources */ = {
			isa = PBXResourcesBuildPhase;
			buildActionMask = 2147483647;
			files = (
				C5B32CDC1C4C93D9006BA522 /* LaunchScreen.storyboard in Resources */,
				C5B32CD91C4C93D9006BA522 /* Assets.xcassets in Resources */,
				C5B32CF41C4CD123006BA522 /* message.txt in Resources */,
				C5B32CD71C4C93D9006BA522 /* Main.storyboard in Resources */,
			);
			runOnlyForDeploymentPostprocessing = 0;
		};
/* End PBXResourcesBuildPhase section */

/* Begin PBXSourcesBuildPhase section */
		C5B32CC51C4C93D9006BA522 /* Sources */ = {
			isa = PBXSourcesBuildPhase;
			buildActionMask = 2147483647;
			files = (
				C5B32CD41C4C93D9006BA522 /* ViewController.m in Sources */,
				C5B32CD11C4C93D9006BA522 /* AppDelegate.m in Sources */,
				C5B32CCE1C4C93D9006BA522 /* main.m in Sources */,
				C5B32CE91C4CC2EA006BA522 /* CryptoCommon.m in Sources */,
				C5B32CEC1C4CC3EA006BA522 /* NSData+Extension.m in Sources */,
			);
			runOnlyForDeploymentPostprocessing = 0;
		};
/* End PBXSourcesBuildPhase section */

/* Begin PBXVariantGroup section */
		C5B32CD51C4C93D9006BA522 /* Main.storyboard */ = {
			isa = PBXVariantGroup;
			children = (
				C5B32CD61C4C93D9006BA522 /* Base */,
			);
			name = Main.storyboard;
			sourceTree = "<group>";
		};
		C5B32CDA1C4C93D9006BA522 /* LaunchScreen.storyboard */ = {
			isa = PBXVariantGroup;
			children = (
				C5B32CDB1C4C93D9006BA522 /* Base */,
			);
			name = LaunchScreen.storyboard;
			sourceTree = "<group>";
		};
/* End PBXVariantGroup section */

/* Begin XCBuildConfiguration section */
		C5B32CDE1C4C93D9006BA522 /* Debug */ = {
			isa = XCBuildConfiguration;
			buildSettings = {
				ALWAYS_SEARCH_USER_PATHS = NO;
				CLANG_CXX_LANGUAGE_STANDARD = "gnu++0x";
				CLANG_CXX_LIBRARY = "libc++";
				CLANG_ENABLE_MODULES = YES;
				CLANG_ENABLE_OBJC_ARC = YES;
				CLANG_WARN_BOOL_CONVERSION = YES;
				CLANG_WARN_CONSTANT_CONVERSION = YES;
				CLANG_WARN_DIRECT_OBJC_ISA_USAGE = YES_ERROR;
				CLANG_WARN_EMPTY_BODY = YES;
				CLANG_WARN_ENUM_CONVERSION = YES;
				CLANG_WARN_INT_CONVERSION = YES;
				CLANG_WARN_OBJC_ROOT_CLASS = YES_ERROR;
				CLANG_WARN_UNREACHABLE_CODE = YES;
				CLANG_WARN__DUPLICATE_METHOD_MATCH = YES;
				"CODE_SIGN_IDENTITY[sdk=iphoneos*]" = "iPhone Developer";
				COPY_PHASE_STRIP = NO;
				DEBUG_INFORMATION_FORMAT = dwarf;
				ENABLE_STRICT_OBJC_MSGSEND = YES;
				ENABLE_TESTABILITY = YES;
				GCC_C_LANGUAGE_STANDARD = gnu99;
				GCC_DYNAMIC_NO_PIC = NO;
				GCC_NO_COMMON_BLOCKS = YES;
				GCC_OPTIMIZATION_LEVEL = 0;
				GCC_PREPROCESSOR_DEFINITIONS = (
					"DEBUG=1",
					"$(inherited)",
				);
				GCC_WARN_64_TO_32_BIT_CONVERSION = YES;
				GCC_WARN_ABOUT_RETURN_TYPE = YES_ERROR;
				GCC_WARN_UNDECLARED_SELECTOR = YES;
				GCC_WARN_UNINITIALIZED_AUTOS = YES_AGGRESSIVE;
				GCC_WARN_UNUSED_FUNCTION = YES;
				GCC_WARN_UNUSED_VARIABLE = YES;
				IPHONEOS_DEPLOYMENT_TARGET = 9.2;
				MTL_ENABLE_DEBUG_INFO = YES;
				ONLY_ACTIVE_ARCH = YES;
				SDKROOT = iphoneos;
			};
			name = Debug;
		};
		C5B32CDF1C4C93D9006BA522 /* Release */ = {
			isa = XCBuildConfiguration;
			buildSettings = {
				ALWAYS_SEARCH_USER_PATHS = NO;
				CLANG_CXX_LANGUAGE_STANDARD = "gnu++0x";
				CLANG_CXX_LIBRARY = "libc++";
				CLANG_ENABLE_MODULES = YES;
				CLANG_ENABLE_OBJC_ARC = YES;
				CLANG_WARN_BOOL_CONVERSION = YES;
				CLANG_WARN_CONSTANT_CONVERSION = YES;
				CLANG_WARN_DIRECT_OBJC_ISA_USAGE = YES_ERROR;
				CLANG_WARN_EMPTY_BODY = YES;
				CLANG_WARN_ENUM_CONVERSION = YES;
				CLANG_WARN_INT_CONVERSION = YES;
				CLANG_WARN_OBJC_ROOT_CLASS = YES_ERROR;
				CLANG_WARN_UNREACHABLE_CODE = YES;
				CLANG_WARN__DUPLICATE_METHOD_MATCH = YES;
				"CODE_SIGN_IDENTITY[sdk=iphoneos*]" = "iPhone Developer";
				COPY_PHASE_STRIP = NO;
				DEBUG_INFORMATION_FORMAT = "dwarf-with-dsym";
				ENABLE_NS_ASSERTIONS = NO;
				ENABLE_STRICT_OBJC_MSGSEND = YES;
				GCC_C_LANGUAGE_STANDARD = gnu99;
				GCC_NO_COMMON_BLOCKS = YES;
				GCC_WARN_64_TO_32_BIT_CONVERSION = YES;
				GCC_WARN_ABOUT_RETURN_TYPE = YES_ERROR;
				GCC_WARN_UNDECLARED_SELECTOR = YES;
				GCC_WARN_UNINITIALIZED_AUTOS = YES_AGGRESSIVE;
				GCC_WARN_UNUSED_FUNCTION = YES;
				GCC_WARN_UNUSED_VARIABLE = YES;
				IPHONEOS_DEPLOYMENT_TARGET = 9.2;
				MTL_ENABLE_DEBUG_INFO = NO;
				SDKROOT = iphoneos;
				VALIDATE_PRODUCT = YES;
			};
			name = Release;
		};
		C5B32CE11C4C93D9006BA522 /* Debug */ = {
			isa = XCBuildConfiguration;
			buildSettings = {
				ASSETCATALOG_COMPILER_APPICON_NAME = AppIcon;
				CODE_SIGN_IDENTITY = "iPhone Developer: zhang yue (5869F57TXS)";
				INFOPLIST_FILE = AESOperation/Info.plist;
				IPHONEOS_DEPLOYMENT_TARGET = 8.0;
				LD_RUNPATH_SEARCH_PATHS = "$(inherited) @executable_path/Frameworks";
				LIBRARY_SEARCH_PATHS = (
					"$(inherited)",
					"$(SDKROOT)/usr/lib/system",
				);
				PRODUCT_BUNDLE_IDENTIFIER = com.pdddTestApp.crypt;
				PRODUCT_NAME = "$(TARGET_NAME)";
				PROVISIONING_PROFILE = "4e3c3486-c12e-4342-b3d8-329e9c3e9c61";
			};
			name = Debug;
		};
		C5B32CE21C4C93D9006BA522 /* Release */ = {
			isa = XCBuildConfiguration;
			buildSettings = {
				ASSETCATALOG_COMPILER_APPICON_NAME = AppIcon;
				CODE_SIGN_IDENTITY = "iPhone Developer: zhang yue (5869F57TXS)";
				INFOPLIST_FILE = AESOperation/Info.plist;
				IPHONEOS_DEPLOYMENT_TARGET = 8.0;
				LD_RUNPATH_SEARCH_PATHS = "$(inherited) @executable_path/Frameworks";
				LIBRARY_SEARCH_PATHS = (
					"$(inherited)",
					"$(SDKROOT)/usr/lib/system",
				);
				PRODUCT_BUNDLE_IDENTIFIER = com.pdddTestApp.crypt;
				PRODUCT_NAME = "$(TARGET_NAME)";
				PROVISIONING_PROFILE = "4e3c3486-c12e-4342-b3d8-329e9c3e9c61";
			};
			name = Release;
		};
/* End XCBuildConfiguration section */

/* Begin XCConfigurationList section */
		C5B32CC41C4C93D9006BA522 /* Build configuration list for PBXProject "AESOperation" */ = {
			isa = XCConfigurationList;
			buildConfigurations = (
				C5B32CDE1C4C93D9006BA522 /* Debug */,
				C5B32CDF1C4C93D9006BA522 /* Release */,
			);
			defaultConfigurationIsVisible = 0;
			defaultConfigurationName = Release;
		};
		C5B32CE01C4C93D9006BA522 /* Build configuration list for PBXNativeTarget "AESOperation" */ = {
			isa = XCConfigurationList;
			buildConfigurations = (
				C5B32CE11C4C93D9006BA522 /* Debug */,
				C5B32CE21C4C93D9006BA522 /* Release */,
			);
			defaultConfigurationIsVisible = 0;
			defaultConfigurationName = Release;
		};
/* End XCConfigurationList section */
	};
	rootObject = C5B32CC11C4C93D9006BA522 /* Project object */;
}
